
Microsoft Visual Studio Solution File, Format Version 12.00
# Visual Studio Version 17
VisualStudioVersion = 17.9.34321.82
MinimumVisualStudioVersion = 10.0.40219.1
Project("{FAE04EC0-301F-11D3-BF4B-00C04F79EFBC}") = "Customer Relationship Managament", "Customer Relationship Managament.csproj", "{5FAD5D6D-5880-4D26-AB0A-BC113862A27E}"
EndProject
Global
	GlobalSection(SolutionConfigurationPlatforms) = preSolution
		Debug|Any CPU = Debug|Any CPU
		Release|Any CPU = Release|Any CPU
	EndGlobalSection
	GlobalSection(ProjectConfigurationPlatforms) = postSolution
		{5FAD5D6D-5880-4D26-AB0A-BC113862A27E}.Debug|Any CPU.ActiveCfg = Debug|Any CPU
		{5FAD5D6D-5880-4D26-AB0A-BC113862A27E}.Debug|Any CPU.Build.0 = Debug|Any CPU
		{5FAD5D6D-5880-4D26-AB0A-BC113862A27E}.Release|Any CPU.ActiveCfg = Release|Any CPU
		{5FAD5D6D-5880-4D26-AB0A-BC113862A27E}.Release|Any CPU.Build.0 = Release|Any CPU
	EndGlobalSection
	GlobalSection(SolutionProperties) = preSolution
		HideSolutionNode = FALSE
	EndGlobalSection
	GlobalSection(ExtensibilityGlobals) = postSolution
		SolutionGuid = {6EC65C00-EBCB-4AB8-9DF2-AEFC55438EBA}
	EndGlobalSection
EndGlobal
